// !$*UTF8*$!
{
	archiveVersion = 1;
	classes = {
	};
	objectVersion = 50;
	objects = {

/* Begin PBXBuildFile section */
		1B29EF952607B7DE002D5E4B /* HomeViewController.swift in Sources */ = {isa = PBXBuildFile; fileRef = 1B29EF942607B7DE002D5E4B /* HomeViewController.swift */; };
		1B29EF9A2607B8F1002D5E4B /* SettingsViewController.swift in Sources */ = {isa = PBXBuildFile; fileRef = 1B29EF992607B8F1002D5E4B /* SettingsViewController.swift */; };
		1B29EF9F2607B93C002D5E4B /* UploadViewController.swift in Sources */ = {isa = PBXBuildFile; fileRef = 1B29EF9E2607B93C002D5E4B /* UploadViewController.swift */; };
		1B78DE2926092280002B39E3 /* Imgurs.swift in Sources */ = {isa = PBXBuildFile; fileRef = 1B78DE2826092280002B39E3 /* Imgurs.swift */; };
		1BABA7232608E3CA00CFD34E /* DetailViewController.swift in Sources */ = {isa = PBXBuildFile; fileRef = 1BABA7222608E3CA00CFD34E /* DetailViewController.swift */; };
		1BB207F0260777EC007A6427 /* AppDelegate.swift in Sources */ = {isa = PBXBuildFile; fileRef = 1BB207EF260777EC007A6427 /* AppDelegate.swift */; };
		1BB207F2260777ED007A6427 /* SceneDelegate.swift in Sources */ = {isa = PBXBuildFile; fileRef = 1BB207F1260777ED007A6427 /* SceneDelegate.swift */; };
		1BB207F4260777ED007A6427 /* ViewController.swift in Sources */ = {isa = PBXBuildFile; fileRef = 1BB207F3260777ED007A6427 /* ViewController.swift */; };
		1BB207F7260777ED007A6427 /* Main.storyboard in Resources */ = {isa = PBXBuildFile; fileRef = 1BB207F5260777ED007A6427 /* Main.storyboard */; };
		1BB207F926077802007A6427 /* Assets.xcassets in Resources */ = {isa = PBXBuildFile; fileRef = 1BB207F826077802007A6427 /* Assets.xcassets */; };
		1BB207FC26077802007A6427 /* LaunchScreen.storyboard in Resources */ = {isa = PBXBuildFile; fileRef = 1BB207FA26077802007A6427 /* LaunchScreen.storyboard */; };
		1BB2080726077803007A6427 /* ImgurAppTests.swift in Sources */ = {isa = PBXBuildFile; fileRef = 1BB2080626077803007A6427 /* ImgurAppTests.swift */; };
		1BB2081226077803007A6427 /* ImgurAppUITests.swift in Sources */ = {isa = PBXBuildFile; fileRef = 1BB2081126077803007A6427 /* ImgurAppUITests.swift */; };
/* End PBXBuildFile section */

/* Begin PBXContainerItemProxy section */
		1BB2080326077803007A6427 /* PBXContainerItemProxy */ = {
			isa = PBXContainerItemProxy;
			containerPortal = 1BB207E4260777EC007A6427 /* Project object */;
			proxyType = 1;
			remoteGlobalIDString = 1BB207EB260777EC007A6427;
			remoteInfo = ImgurApp;
		};
		1BB2080E26077803007A6427 /* PBXContainerItemProxy */ = {
			isa = PBXContainerItemProxy;
			containerPortal = 1BB207E4260777EC007A6427 /* Project object */;
			proxyType = 1;
			remoteGlobalIDString = 1BB207EB260777EC007A6427;
			remoteInfo = ImgurApp;
		};
/* End PBXContainerItemProxy section */

/* Begin PBXFileReference section */
		1B29EF942607B7DE002D5E4B /* HomeViewController.swift */ = {isa = PBXFileReference; lastKnownFileType = sourcecode.swift; path = HomeViewController.swift; sourceTree = "<group>"; };
		1B29EF992607B8F1002D5E4B /* SettingsViewController.swift */ = {isa = PBXFileReference; lastKnownFileType = sourcecode.swift; path = SettingsViewController.swift; sourceTree = "<group>"; };
		1B29EF9E2607B93C002D5E4B /* UploadViewController.swift */ = {isa = PBXFileReference; lastKnownFileType = sourcecode.swift; path = UploadViewController.swift; sourceTree = "<group>"; };
		1B78DE2826092280002B39E3 /* Imgurs.swift */ = {isa = PBXFileReference; lastKnownFileType = sourcecode.swift; path = Imgurs.swift; sourceTree = "<group>"; };
		1BABA7222608E3CA00CFD34E /* DetailViewController.swift */ = {isa = PBXFileReference; lastKnownFileType = sourcecode.swift; path = DetailViewController.swift; sourceTree = "<group>"; };
		1BB207EC260777EC007A6427 /* ImgurApp.app */ = {isa = PBXFileReference; explicitFileType = wrapper.application; includeInIndex = 0; path = ImgurApp.app; sourceTree = BUILT_PRODUCTS_DIR; };
		1BB207EF260777EC007A6427 /* AppDelegate.swift */ = {isa = PBXFileReference; lastKnownFileType = sourcecode.swift; path = AppDelegate.swift; sourceTree = "<group>"; };
		1BB207F1260777ED007A6427 /* SceneDelegate.swift */ = {isa = PBXFileReference; lastKnownFileType = sourcecode.swift; path = SceneDelegate.swift; sourceTree = "<group>"; };
		1BB207F3260777ED007A6427 /* ViewController.swift */ = {isa = PBXFileReference; lastKnownFileType = sourcecode.swift; path = ViewController.swift; sourceTree = "<group>"; };
		1BB207F6260777ED007A6427 /* Base */ = {isa = PBXFileReference; lastKnownFileType = file.storyboard; name = Base; path = Base.lproj/Main.storyboard; sourceTree = "<group>"; };
		1BB207F826077802007A6427 /* Assets.xcassets */ = {isa = PBXFileReference; lastKnownFileType = folder.assetcatalog; path = Assets.xcassets; sourceTree = "<group>"; };
		1BB207FB26077802007A6427 /* Base */ = {isa = PBXFileReference; lastKnownFileType = file.storyboard; name = Base; path = Base.lproj/LaunchScreen.storyboard; sourceTree = "<group>"; };
		1BB207FD26077802007A6427 /* Info.plist */ = {isa = PBXFileReference; lastKnownFileType = text.plist.xml; path = Info.plist; sourceTree = "<group>"; };
		1BB2080226077803007A6427 /* ImgurAppTests.xctest */ = {isa = PBXFileReference; explicitFileType = wrapper.cfbundle; includeInIndex = 0; path = ImgurAppTests.xctest; sourceTree = BUILT_PRODUCTS_DIR; };
		1BB2080626077803007A6427 /* ImgurAppTests.swift */ = {isa = PBXFileReference; lastKnownFileType = sourcecode.swift; path = ImgurAppTests.swift; sourceTree = "<group>"; };
		1BB2080826077803007A6427 /* Info.plist */ = {isa = PBXFileReference; lastKnownFileType = text.plist.xml; path = Info.plist; sourceTree = "<group>"; };
		1BB2080D26077803007A6427 /* ImgurAppUITests.xctest */ = {isa = PBXFileReference; explicitFileType = wrapper.cfbundle; includeInIndex = 0; path = ImgurAppUITests.xctest; sourceTree = BUILT_PRODUCTS_DIR; };
		1BB2081126077803007A6427 /* ImgurAppUITests.swift */ = {isa = PBXFileReference; lastKnownFileType = sourcecode.swift; path = ImgurAppUITests.swift; sourceTree = "<group>"; };
		1BB2081326077803007A6427 /* Info.plist */ = {isa = PBXFileReference; lastKnownFileType = text.plist.xml; path = Info.plist; sourceTree = "<group>"; };
/* End PBXFileReference section */

/* Begin PBXFrameworksBuildPhase section */
		1BB207E9260777EC007A6427 /* Frameworks */ = {
			isa = PBXFrameworksBuildPhase;
			buildActionMask = 2147483647;
			files = (
			);
			runOnlyForDeploymentPostprocessing = 0;
		};
		1BB207FF26077803007A6427 /* Frameworks */ = {
			isa = PBXFrameworksBuildPhase;
			buildActionMask = 2147483647;
			files = (
			);
			runOnlyForDeploymentPostprocessing = 0;
		};
		1BB2080A26077803007A6427 /* Frameworks */ = {
			isa = PBXFrameworksBuildPhase;
			buildActionMask = 2147483647;
			files = (
			);
			runOnlyForDeploymentPostprocessing = 0;
		};
/* End PBXFrameworksBuildPhase section */

/* Begin PBXGroup section */
		1B78DE3626094A28002B39E3 /* Models */ = {
			isa = PBXGroup;
			children = (
				1B78DE2826092280002B39E3 /* Imgurs.swift */,
			);
			name = Models;
			sourceTree = "<group>";
		};
		1B78DE3726094A34002B39E3 /* Views */ = {
			isa = PBXGroup;
			children = (
				1BB207F5260777ED007A6427 /* Main.storyboard */,
				1BB207FA26077802007A6427 /* LaunchScreen.storyboard */,
			);
			path = Views;
			sourceTree = "<group>";
		};
		1B78DE3826094A3C002B39E3 /* Controllers */ = {
			isa = PBXGroup;
			children = (
				1BB207F3260777ED007A6427 /* ViewController.swift */,
				1B29EF942607B7DE002D5E4B /* HomeViewController.swift */,
				1B29EF992607B8F1002D5E4B /* SettingsViewController.swift */,
				1B29EF9E2607B93C002D5E4B /* UploadViewController.swift */,
				1BABA7222608E3CA00CFD34E /* DetailViewController.swift */,
			);
			name = Controllers;
			sourceTree = "<group>";
		};
		1BB207E3260777EC007A6427 = {
			isa = PBXGroup;
			children = (
				1BB207EE260777EC007A6427 /* ImgurApp */,
				1BB2080526077803007A6427 /* ImgurAppTests */,
				1BB2081026077803007A6427 /* ImgurAppUITests */,
				1BB207ED260777EC007A6427 /* Products */,
			);
			sourceTree = "<group>";
		};
		1BB207ED260777EC007A6427 /* Products */ = {
			isa = PBXGroup;
			children = (
				1BB207EC260777EC007A6427 /* ImgurApp.app */,
				1BB2080226077803007A6427 /* ImgurAppTests.xctest */,
				1BB2080D26077803007A6427 /* ImgurAppUITests.xctest */,
			);
			name = Products;
			sourceTree = "<group>";
		};
		1BB207EE260777EC007A6427 /* ImgurApp */ = {
			isa = PBXGroup;
			children = (
				1B78DE3826094A3C002B39E3 /* Controllers */,
				1B78DE3726094A34002B39E3 /* Views */,
				1B78DE3626094A28002B39E3 /* Models */,
				1BB207EF260777EC007A6427 /* AppDelegate.swift */,
				1BB207F1260777ED007A6427 /* SceneDelegate.swift */,
				1BB207F826077802007A6427 /* Assets.xcassets */,
				1BB207FD26077802007A6427 /* Info.plist */,
			);
			path = ImgurApp;
			sourceTree = "<group>";
		};
		1BB2080526077803007A6427 /* ImgurAppTests */ = {
			isa = PBXGroup;
			children = (
				1BB2080626077803007A6427 /* ImgurAppTests.swift */,
				1BB2080826077803007A6427 /* Info.plist */,
			);
			path = ImgurAppTests;
			sourceTree = "<group>";
		};
		1BB2081026077803007A6427 /* ImgurAppUITests */ = {
			isa = PBXGroup;
			children = (
				1BB2081126077803007A6427 /* ImgurAppUITests.swift */,
				1BB2081326077803007A6427 /* Info.plist */,
			);
			path = ImgurAppUITests;
			sourceTree = "<group>";
		};
/* End PBXGroup section */

/* Begin PBXNativeTarget section */
		1BB207EB260777EC007A6427 /* ImgurApp */ = {
			isa = PBXNativeTarget;
			buildConfigurationList = 1BB2081626077803007A6427 /* Build configuration list for PBXNativeTarget "ImgurApp" */;
			buildPhases = (
				1BB207E8260777EC007A6427 /* Sources */,
				1BB207E9260777EC007A6427 /* Frameworks */,
				1BB207EA260777EC007A6427 /* Resources */,
			);
			buildRules = (
			);
			dependencies = (
			);
			name = ImgurApp;
			productName = ImgurApp;
			productReference = 1BB207EC260777EC007A6427 /* ImgurApp.app */;
			productType = "com.apple.product-type.application";
		};
		1BB2080126077803007A6427 /* ImgurAppTests */ = {
			isa = PBXNativeTarget;
			buildConfigurationList = 1BB2081926077803007A6427 /* Build configuration list for PBXNativeTarget "ImgurAppTests" */;
			buildPhases = (
				1BB207FE26077803007A6427 /* Sources */,
				1BB207FF26077803007A6427 /* Frameworks */,
				1BB2080026077803007A6427 /* Resources */,
			);
			buildRules = (
			);
			dependencies = (
				1BB2080426077803007A6427 /* PBXTargetDependency */,
			);
			name = ImgurAppTests;
			productName = ImgurAppTests;
			productReference = 1BB2080226077803007A6427 /* ImgurAppTests.xctest */;
			productType = "com.apple.product-type.bundle.unit-test";
		};
		1BB2080C26077803007A6427 /* ImgurAppUITests */ = {
			isa = PBXNativeTarget;
			buildConfigurationList = 1BB2081C26077803007A6427 /* Build configuration list for PBXNativeTarget "ImgurAppUITests" */;
			buildPhases = (
				1BB2080926077803007A6427 /* Sources */,
				1BB2080A26077803007A6427 /* Frameworks */,
				1BB2080B26077803007A6427 /* Resources */,
			);
			buildRules = (
			);
			dependencies = (
				1BB2080F26077803007A6427 /* PBXTargetDependency */,
			);
			name = ImgurAppUITests;
			productName = ImgurAppUITests;
			productReference = 1BB2080D26077803007A6427 /* ImgurAppUITests.xctest */;
			productType = "com.apple.product-type.bundle.ui-testing";
		};
/* End PBXNativeTarget section */

/* Begin PBXProject section */
		1BB207E4260777EC007A6427 /* Project object */ = {
			isa = PBXProject;
			attributes = {
				LastSwiftUpdateCheck = 1240;
				LastUpgradeCheck = 1240;
				TargetAttributes = {
					1BB207EB260777EC007A6427 = {
						CreatedOnToolsVersion = 12.4;
					};
					1BB2080126077803007A6427 = {
						CreatedOnToolsVersion = 12.4;
						TestTargetID = 1BB207EB260777EC007A6427;
					};
					1BB2080C26077803007A6427 = {
						CreatedOnToolsVersion = 12.4;
						TestTargetID = 1BB207EB260777EC007A6427;
					};
				};
			};
			buildConfigurationList = 1BB207E7260777EC007A6427 /* Build configuration list for PBXProject "ImgurApp" */;
			compatibilityVersion = "Xcode 9.3";
			developmentRegion = en;
			hasScannedForEncodings = 0;
			knownRegions = (
				en,
				Base,
			);
			mainGroup = 1BB207E3260777EC007A6427;
			productRefGroup = 1BB207ED260777EC007A6427 /* Products */;
			projectDirPath = "";
			projectRoot = "";
			targets = (
				1BB207EB260777EC007A6427 /* ImgurApp */,
				1BB2080126077803007A6427 /* ImgurAppTests */,
				1BB2080C26077803007A6427 /* ImgurAppUITests */,
			);
		};
/* End PBXProject section */

/* Begin PBXResourcesBuildPhase section */
		1BB207EA260777EC007A6427 /* Resources */ = {
			isa = PBXResourcesBuildPhase;
			buildActionMask = 2147483647;
			files = (
				1BB207FC26077802007A6427 /* LaunchScreen.storyboard in Resources */,
				1BB207F926077802007A6427 /* Assets.xcassets in Resources */,
				1BB207F7260777ED007A6427 /* Main.storyboard in Resources */,
			);
			runOnlyForDeploymentPostprocessing = 0;
		};
		1BB2080026077803007A6427 /* Resources */ = {
			isa = PBXResourcesBuildPhase;
			buildActionMask = 2147483647;
			files = (
			);
			runOnlyForDeploymentPostprocessing = 0;
		};
		1BB2080B26077803007A6427 /* Resources */ = {
			isa = PBXResourcesBuildPhase;
			buildActionMask = 2147483647;
			files = (
			);
			runOnlyForDeploymentPostprocessing = 0;
		};
/* End PBXResourcesBuildPhase section */

/* Begin PBXSourcesBuildPhase section */
		1BB207E8260777EC007A6427 /* Sources */ = {
			isa = PBXSourcesBuildPhase;
			buildActionMask = 2147483647;
			files = (
				1BB207F4260777ED007A6427 /* ViewController.swift in Sources */,
				1B29EF9F2607B93C002D5E4B /* UploadViewController.swift in Sources */,
				1B78DE2926092280002B39E3 /* Imgurs.swift in Sources */,
				1BB207F0260777EC007A6427 /* AppDelegate.swift in Sources */,
				1BB207F2260777ED007A6427 /* SceneDelegate.swift in Sources */,
				1B29EF9A2607B8F1002D5E4B /* SettingsViewController.swift in Sources */,
				1B29EF952607B7DE002D5E4B /* HomeViewController.swift in Sources */,
				1BABA7232608E3CA00CFD34E /* DetailViewController.swift in Sources */,
			);
			runOnlyForDeploymentPostprocessing = 0;
		};
		1BB207FE26077803007A6427 /* Sources */ = {
			isa = PBXSourcesBuildPhase;
			buildActionMask = 2147483647;
			files = (
				1BB2080726077803007A6427 /* ImgurAppTests.swift in Sources */,
			);
			runOnlyForDeploymentPostprocessing = 0;
		};
		1BB2080926077803007A6427 /* Sources */ = {
			isa = PBXSourcesBuildPhase;
			buildActionMask = 2147483647;
			files = (
				1BB2081226077803007A6427 /* ImgurAppUITests.swift in Sources */,
			);
			runOnlyForDeploymentPostprocessing = 0;
		};
/* End PBXSourcesBuildPhase section */

/* Begin PBXTargetDependency section */
		1BB2080426077803007A6427 /* PBXTargetDependency */ = {
			isa = PBXTargetDependency;
			target = 1BB207EB260777EC007A6427 /* ImgurApp */;
			targetProxy = 1BB2080326077803007A6427 /* PBXContainerItemProxy */;
		};
		1BB2080F26077803007A6427 /* PBXTargetDependency */ = {
			isa = PBXTargetDependency;
			target = 1BB207EB260777EC007A6427 /* ImgurApp */;
			targetProxy = 1BB2080E26077803007A6427 /* PBXContainerItemProxy */;
		};
/* End PBXTargetDependency section */

/* Begin PBXVariantGroup section */
		1BB207F5260777ED007A6427 /* Main.storyboard */ = {
			isa = PBXVariantGroup;
			children = (
				1BB207F6260777ED007A6427 /* Base */,
			);
			name = Main.storyboard;
			sourceTree = "<group>";
		};
		1BB207FA26077802007A6427 /* LaunchScreen.storyboard */ = {
			isa = PBXVariantGroup;
			children = (
				1BB207FB26077802007A6427 /* Base */,
			);
			name = LaunchScreen.storyboard;
			sourceTree = "<group>";
		};
/* End PBXVariantGroup section */

/* Begin XCBuildConfiguration section */
		1BB2081426077803007A6427 /* Debug */ = {
			isa = XCBuildConfiguration;
			buildSettings = {
				ALWAYS_SEARCH_USER_PATHS = NO;
				CLANG_ANALYZER_NONNULL = YES;
				CLANG_ANALYZER_NUMBER_OBJECT_CONVERSION = YES_AGGRESSIVE;
				CLANG_CXX_LANGUAGE_STANDARD = "gnu++14";
				CLANG_CXX_LIBRARY = "libc++";
				CLANG_ENABLE_MODULES = YES;
				CLANG_ENABLE_OBJC_ARC = YES;
				CLANG_ENABLE_OBJC_WEAK = YES;
				CLANG_WARN_BLOCK_CAPTURE_AUTORELEASING = YES;
				CLANG_WARN_BOOL_CONVERSION = YES;
				CLANG_WARN_COMMA = YES;
				CLANG_WARN_CONSTANT_CONVERSION = YES;
				CLANG_WARN_DEPRECATED_OBJC_IMPLEMENTATIONS = YES;
				CLANG_WARN_DIRECT_OBJC_ISA_USAGE = YES_ERROR;
				CLANG_WARN_DOCUMENTATION_COMMENTS = YES;
				CLANG_WARN_EMPTY_BODY = YES;
				CLANG_WARN_ENUM_CONVERSION = YES;
				CLANG_WARN_INFINITE_RECURSION = YES;
				CLANG_WARN_INT_CONVERSION = YES;
				CLANG_WARN_NON_LITERAL_NULL_CONVERSION = YES;
				CLANG_WARN_OBJC_IMPLICIT_RETAIN_SELF = YES;
				CLANG_WARN_OBJC_LITERAL_CONVERSION = YES;
				CLANG_WARN_OBJC_ROOT_CLASS = YES_ERROR;
				CLANG_WARN_QUOTED_INCLUDE_IN_FRAMEWORK_HEADER = YES;
				CLANG_WARN_RANGE_LOOP_ANALYSIS = YES;
				CLANG_WARN_STRICT_PROTOTYPES = YES;
				CLANG_WARN_SUSPICIOUS_MOVE = YES;
				CLANG_WARN_UNGUARDED_AVAILABILITY = YES_AGGRESSIVE;
				CLANG_WARN_UNREACHABLE_CODE = YES;
				CLANG_WARN__DUPLICATE_METHOD_MATCH = YES;
				COPY_PHASE_STRIP = NO;
				DEBUG_INFORMATION_FORMAT = dwarf;
				ENABLE_STRICT_OBJC_MSGSEND = YES;
				ENABLE_TESTABILITY = YES;
				GCC_C_LANGUAGE_STANDARD = gnu11;
				GCC_DYNAMIC_NO_PIC = NO;
				GCC_NO_COMMON_BLOCKS = YES;
				GCC_OPTIMIZATION_LEVEL = 0;
				GCC_PREPROCESSOR_DEFINITIONS = (
					"DEBUG=1",
					"$(inherited)",
				);
				GCC_WARN_64_TO_32_BIT_CONVERSION = YES;
				GCC_WARN_ABOUT_RETURN_TYPE = YES_ERROR;
				GCC_WARN_UNDECLARED_SELECTOR = YES;
				GCC_WARN_UNINITIALIZED_AUTOS = YES_AGGRESSIVE;
				GCC_WARN_UNUSED_FUNCTION = YES;
				GCC_WARN_UNUSED_VARIABLE = YES;
				IPHONEOS_DEPLOYMENT_TARGET = 14.4;
				MTL_ENABLE_DEBUG_INFO = INCLUDE_SOURCE;
				MTL_FAST_MATH = YES;
				ONLY_ACTIVE_ARCH = YES;
				SDKROOT = iphoneos;
				SWIFT_ACTIVE_COMPILATION_CONDITIONS = DEBUG;
				SWIFT_OPTIMIZATION_LEVEL = "-Onone";
			};
			name = Debug;
		};
		1BB2081526077803007A6427 /* Release */ = {
			isa = XCBuildConfiguration;
			buildSettings = {
				ALWAYS_SEARCH_USER_PATHS = NO;
				CLANG_ANALYZER_NONNULL = YES;
				CLANG_ANALYZER_NUMBER_OBJECT_CONVERSION = YES_AGGRESSIVE;
				CLANG_CXX_LANGUAGE_STANDARD = "gnu++14";
				CLANG_CXX_LIBRARY = "libc++";
				CLANG_ENABLE_MODULES = YES;
				CLANG_ENABLE_OBJC_ARC = YES;
				CLANG_ENABLE_OBJC_WEAK = YES;
				CLANG_WARN_BLOCK_CAPTURE_AUTORELEASING = YES;
				CLANG_WARN_BOOL_CONVERSION = YES;
				CLANG_WARN_COMMA = YES;
				CLANG_WARN_CONSTANT_CONVERSION = YES;
				CLANG_WARN_DEPRECATED_OBJC_IMPLEMENTATIONS = YES;
				CLANG_WARN_DIRECT_OBJC_ISA_USAGE = YES_ERROR;
				CLANG_WARN_DOCUMENTATION_COMMENTS = YES;
				CLANG_WARN_EMPTY_BODY = YES;
				CLANG_WARN_ENUM_CONVERSION = YES;
				CLANG_WARN_INFINITE_RECURSION = YES;
				CLANG_WARN_INT_CONVERSION = YES;
				CLANG_WARN_NON_LITERAL_NULL_CONVERSION = YES;
				CLANG_WARN_OBJC_IMPLICIT_RETAIN_SELF = YES;
				CLANG_WARN_OBJC_LITERAL_CONVERSION = YES;
				CLANG_WARN_OBJC_ROOT_CLASS = YES_ERROR;
				CLANG_WARN_QUOTED_INCLUDE_IN_FRAMEWORK_HEADER = YES;
				CLANG_WARN_RANGE_LOOP_ANALYSIS = YES;
				CLANG_WARN_STRICT_PROTOTYPES = YES;
				CLANG_WARN_SUSPICIOUS_MOVE = YES;
				CLANG_WARN_UNGUARDED_AVAILABILITY = YES_AGGRESSIVE;
				CLANG_WARN_UNREACHABLE_CODE = YES;
				CLANG_WARN__DUPLICATE_METHOD_MATCH = YES;
				COPY_PHASE_STRIP = NO;
				DEBUG_INFORMATION_FORMAT = "dwarf-with-dsym";
				ENABLE_NS_ASSERTIONS = NO;
				ENABLE_STRICT_OBJC_MSGSEND = YES;
				GCC_C_LANGUAGE_STANDARD = gnu11;
				GCC_NO_COMMON_BLOCKS = YES;
				GCC_WARN_64_TO_32_BIT_CONVERSION = YES;
				GCC_WARN_ABOUT_RETURN_TYPE = YES_ERROR;
				GCC_WARN_UNDECLARED_SELECTOR = YES;
				GCC_WARN_UNINITIALIZED_AUTOS = YES_AGGRESSIVE;
				GCC_WARN_UNUSED_FUNCTION = YES;
				GCC_WARN_UNUSED_VARIABLE = YES;
				IPHONEOS_DEPLOYMENT_TARGET = 14.4;
				MTL_ENABLE_DEBUG_INFO = NO;
				MTL_FAST_MATH = YES;
				SDKROOT = iphoneos;
				SWIFT_COMPILATION_MODE = wholemodule;
				SWIFT_OPTIMIZATION_LEVEL = "-O";
				VALIDATE_PRODUCT = YES;
			};
			name = Release;
		};
		1BB2081726077803007A6427 /* Debug */ = {
			isa = XCBuildConfiguration;
			buildSettings = {
				ASSETCATALOG_COMPILER_APPICON_NAME = AppIcon;
				ASSETCATALOG_COMPILER_GLOBAL_ACCENT_COLOR_NAME = AccentColor;
				CODE_SIGN_STYLE = Automatic;
				INFOPLIST_FILE = ImgurApp/Info.plist;
				LD_RUNPATH_SEARCH_PATHS = (
					"$(inherited)",
					"@executable_path/Frameworks",
				);
				PRODUCT_BUNDLE_IDENTIFIER = com.ferranhendriks.ImgurApp;
				PRODUCT_NAME = "$(TARGET_NAME)";
				SWIFT_VERSION = 5.0;
				TARGETED_DEVICE_FAMILY = "1,2";
			};
			name = Debug;
		};
		1BB2081826077803007A6427 /* Release */ = {
			isa = XCBuildConfiguration;
			buildSettings = {
				ASSETCATALOG_COMPILER_APPICON_NAME = AppIcon;
				ASSETCATALOG_COMPILER_GLOBAL_ACCENT_COLOR_NAME = AccentColor;
				CODE_SIGN_STYLE = Automatic;
				INFOPLIST_FILE = ImgurApp/Info.plist;
				LD_RUNPATH_SEARCH_PATHS = (
					"$(inherited)",
					"@executable_path/Frameworks",
				);
				PRODUCT_BUNDLE_IDENTIFIER = com.ferranhendriks.ImgurApp;
				PRODUCT_NAME = "$(TARGET_NAME)";
				SWIFT_VERSION = 5.0;
				TARGETED_DEVICE_FAMILY = "1,2";
			};
			name = Release;
		};
		1BB2081A26077803007A6427 /* Debug */ = {
			isa = XCBuildConfiguration;
			buildSettings = {
				ALWAYS_EMBED_SWIFT_STANDARD_LIBRARIES = YES;
				BUNDLE_LOADER = "$(TEST_HOST)";
				CODE_SIGN_STYLE = Automatic;
				INFOPLIST_FILE = ImgurAppTests/Info.plist;
				IPHONEOS_DEPLOYMENT_TARGET = 14.4;
				LD_RUNPATH_SEARCH_PATHS = (
					"$(inherited)",
					"@executable_path/Frameworks",
					"@loader_path/Frameworks",
				);
				PRODUCT_BUNDLE_IDENTIFIER = com.ferranhendriks.ImgurAppTests;
				PRODUCT_NAME = "$(TARGET_NAME)";
				SWIFT_VERSION = 5.0;
				TARGETED_DEVICE_FAMILY = "1,2";
				TEST_HOST = "$(BUILT_PRODUCTS_DIR)/ImgurApp.app/ImgurApp";
			};
			name = Debug;
		};
		1BB2081B26077803007A6427 /* Release */ = {
			isa = XCBuildConfiguration;
			buildSettings = {
				ALWAYS_EMBED_SWIFT_STANDARD_LIBRARIES = YES;
				BUNDLE_LOADER = "$(TEST_HOST)";
				CODE_SIGN_STYLE = Automatic;
				INFOPLIST_FILE = ImgurAppTests/Info.plist;
				IPHONEOS_DEPLOYMENT_TARGET = 14.4;
				LD_RUNPATH_SEARCH_PATHS = (
					"$(inherited)",
					"@executable_path/Frameworks",
					"@loader_path/Frameworks",
				);
				PRODUCT_BUNDLE_IDENTIFIER = com.ferranhendriks.ImgurAppTests;
				PRODUCT_NAME = "$(TARGET_NAME)";
				SWIFT_VERSION = 5.0;
				TARGETED_DEVICE_FAMILY = "1,2";
				TEST_HOST = "$(BUILT_PRODUCTS_DIR)/ImgurApp.app/ImgurApp";
			};
			name = Release;
		};
		1BB2081D26077803007A6427 /* Debug */ = {
			isa = XCBuildConfiguration;
			buildSettings = {
				ALWAYS_EMBED_SWIFT_STANDARD_LIBRARIES = YES;
				CODE_SIGN_STYLE = Automatic;
				INFOPLIST_FILE = ImgurAppUITests/Info.plist;
				LD_RUNPATH_SEARCH_PATHS = (
					"$(inherited)",
					"@executable_path/Frameworks",
					"@loader_path/Frameworks",
				);
				PRODUCT_BUNDLE_IDENTIFIER = com.ferranhendriks.ImgurAppUITests;
				PRODUCT_NAME = "$(TARGET_NAME)";
				SWIFT_VERSION = 5.0;
				TARGETED_DEVICE_FAMILY = "1,2";
				TEST_TARGET_NAME = ImgurApp;
			};
			name = Debug;
		};
		1BB2081E26077803007A6427 /* Release */ = {
			isa = XCBuildConfiguration;
			buildSettings = {
				ALWAYS_EMBED_SWIFT_STANDARD_LIBRARIES = YES;
				CODE_SIGN_STYLE = Automatic;
				INFOPLIST_FILE = ImgurAppUITests/Info.plist;
				LD_RUNPATH_SEARCH_PATHS = (
					"$(inherited)",
					"@executable_path/Frameworks",
					"@loader_path/Frameworks",
				);
				PRODUCT_BUNDLE_IDENTIFIER = com.ferranhendriks.ImgurAppUITests;
				PRODUCT_NAME = "$(TARGET_NAME)";
				SWIFT_VERSION = 5.0;
				TARGETED_DEVICE_FAMILY = "1,2";
				TEST_TARGET_NAME = ImgurApp;
			};
			name = Release;
		};
/* End XCBuildConfiguration section */

/* Begin XCConfigurationList section */
		1BB207E7260777EC007A6427 /* Build configuration list for PBXProject "ImgurApp" */ = {
			isa = XCConfigurationList;
			buildConfigurations = (
				1BB2081426077803007A6427 /* Debug */,
				1BB2081526077803007A6427 /* Release */,
			);
			defaultConfigurationIsVisible = 0;
			defaultConfigurationName = Release;
		};
		1BB2081626077803007A6427 /* Build configuration list for PBXNativeTarget "ImgurApp" */ = {
			isa = XCConfigurationList;
			buildConfigurations = (
				1BB2081726077803007A6427 /* Debug */,
				1BB2081826077803007A6427 /* Release */,
			);
			defaultConfigurationIsVisible = 0;
			defaultConfigurationName = Release;
		};
		1BB2081926077803007A6427 /* Build configuration list for PBXNativeTarget "ImgurAppTests" */ = {
			isa = XCConfigurationList;
			buildConfigurations = (
				1BB2081A26077803007A6427 /* Debug */,
				1BB2081B26077803007A6427 /* Release */,
			);
			defaultConfigurationIsVisible = 0;
			defaultConfigurationName = Release;
		};
		1BB2081C26077803007A6427 /* Build configuration list for PBXNativeTarget "ImgurAppUITests" */ = {
			isa = XCConfigurationList;
			buildConfigurations = (
				1BB2081D26077803007A6427 /* Debug */,
				1BB2081E26077803007A6427 /* Release */,
			);
			defaultConfigurationIsVisible = 0;
			defaultConfigurationName = Release;
		};
/* End XCConfigurationList section */
	};
	rootObject = 1BB207E4260777EC007A6427 /* Project object */;
}
